
Microsoft Visual Studio Solution File, Format Version 12.00
# Visual Studio Version 17
VisualStudioVersion = 17.5.002.0
MinimumVisualStudioVersion = 10.0.40219.1
Project("{9A19103F-16F7-4668-BE54-9A1E7A4F7556}") = "car_workshop_react", "car_workshop_react.csproj", "{7A951E61-4D72-402F-A1F3-C18D954D60A7}"
EndProject
Global
	GlobalSection(SolutionConfigurationPlatforms) = preSolution
		Debug|Any CPU = Debug|Any CPU
		Release|Any CPU = Release|Any CPU
	EndGlobalSection
	GlobalSection(ProjectConfigurationPlatforms) = postSolution
		{7A951E61-4D72-402F-A1F3-C18D954D60A7}.Debug|Any CPU.ActiveCfg = Debug|Any CPU
		{7A951E61-4D72-402F-A1F3-C18D954D60A7}.Debug|Any CPU.Build.0 = Debug|Any CPU
		{7A951E61-4D72-402F-A1F3-C18D954D60A7}.Release|Any CPU.ActiveCfg = Release|Any CPU
		{7A951E61-4D72-402F-A1F3-C18D954D60A7}.Release|Any CPU.Build.0 = Release|Any CPU
	EndGlobalSection
	GlobalSection(SolutionProperties) = preSolution
		HideSolutionNode = FALSE
	EndGlobalSection
	GlobalSection(ExtensibilityGlobals) = postSolution
		SolutionGuid = {CC57594D-C021-4C13-8D9E-19C56DD0FCFC}
	EndGlobalSection
EndGlobal
